{
  "nodes": {
    "flake-parts": {
      "inputs": {
        "nixpkgs-lib": "nixpkgs-lib"
      },
      "locked": {
        "lastModified": 1666885127,
        "narHash": "sha256-uXA/3lhLhwOTBMn9a5zJODKqaRT+SuL5cpEmOz2ULoo=",
        "owner": "hercules-ci",
        "repo": "flake-parts",
        "rev": "0e101dbae756d35a376a5e1faea532608e4a4b9a",
        "type": "github"
      },
      "original": {
        "owner": "hercules-ci",
        "repo": "flake-parts",
        "type": "github"
      }
    },
    "nixpkgs": {
      "locked": {
        "lastModified": 1667580403,
        "narHash": "sha256-IoCMTRO51HNtpEzGSdaFprj3E8lH1aut+3tkh/spRTk=",
        "owner": "nixos",
        "repo": "nixpkgs",
        "rev": "f0adf4fcae2aecdd6ade53cb5d4b94d3b7446efd",
        "type": "github"
      },
      "original": {
        "owner": "nixos",
        "ref": "nixpkgs-unstable",
        "repo": "nixpkgs",
        "type": "github"
      }
    },
    "nixpkgs-lib": {
      "locked": {
        "dir": "lib",
        "lastModified": 1665349835,
        "narHash": "sha256-UK4urM3iN80UXQ7EaOappDzcisYIuEURFRoGQ/yPkug=",
        "owner": "NixOS",
        "repo": "nixpkgs",
        "rev": "34c5293a71ffdb2fe054eb5288adc1882c1eb0b1",
        "type": "github"
      },
      "original": {
        "dir": "lib",
        "owner": "NixOS",
        "ref": "nixos-unstable",
        "repo": "nixpkgs",
        "type": "github"
      }
    },
    "root": {
      "inputs": {
        "flake-parts": "flake-parts",
        "nixpkgs": "nixpkgs"
      }
    }
  },
  "root": "root",
  "version": 7
}
